<?xml version="1.0" encoding="utf-8"?>
<Project ToolsVersion="4.0" xmlns="http://schemas.microsoft.com/developer/msbuild/2003">
  <ItemGroup>
    <ClInclude Include="Global.h" />
    <ClInclude Include="Base\Base.h">
      <Filter>Base</Filter>
    </ClInclude>
    <ClInclude Include="Effekseer\EffekseerEffect.h">
      <Filter>Effekseer</Filter>
    </ClInclude>
    <ClInclude Include="Effekseer\EffekseerManager.h">
      <Filter>Effekseer</Filter>
    </ClInclude>
    <ClInclude Include="Game\Player.h">
      <Filter>Game</Filter>
    </ClInclude>
    <ClInclude Include="Game\TPSCamera.h">
      <Filter>Game</Filter>
    </ClInclude>
    <ClInclude Include="Game\Stage.h">
      <Filter>Game</Filter>
    </ClInclude>
  </ItemGroup>
  <ItemGroup>
    <Filter Include="Base">
      <UniqueIdentifier>{3476016e-3eac-4216-979f-1bac6112acc2}</UniqueIdentifier>
    </Filter>
    <Filter Include="Effekseer">
      <UniqueIdentifier>{ede4edaf-75f4-424a-82ef-339b892d6c34}</UniqueIdentifier>
    </Filter>
    <Filter Include="Game">
      <UniqueIdentifier>{16c71444-db20-4645-a78f-91b54a5f8505}</UniqueIdentifier>
    </Filter>
    <Filter Include="Clear">
      <UniqueIdentifier>{24e02f03-f8ad-480d-ae93-0e1e19472877}</UniqueIdentifier>
    </Filter>
    <Filter Include="Title">
      <UniqueIdentifier>{83a26bea-c21a-442e-94a4-ec94d9cc6f69}</UniqueIdentifier>
    </Filter>
  </ItemGroup>
  <ItemGroup>
    <ClCompile Include="Base\Base.cpp">
      <Filter>Base</Filter>
    </ClCompile>
    <ClCompile Include="Effekseer\EffekseerManager.cpp">
      <Filter>Effekseer</Filter>
    </ClCompile>
    <ClCompile Include="Effekseer\EffekseerEffect.cpp">
      <Filter>Effekseer</Filter>
    </ClCompile>
    <ClCompile Include="main.cpp" />
    <ClCompile Include="Game\Player.cpp">
      <Filter>Game</Filter>
    </ClCompile>
    <ClCompile Include="Game\TPSCamera.cpp">
      <Filter>Game</Filter>
    </ClCompile>
    <ClCompile Include="Game\Stage.cpp">
      <Filter>Game</Filter>
    </ClCompile>
  </ItemGroup>
</Project>